
Microsoft Visual Studio Solution File, Format Version 12.00
# Visual Studio Version 17
VisualStudioVersion = 17.7.34024.191
MinimumVisualStudioVersion = 10.0.40219.1
Project("{9A19103F-16F7-4668-BE54-9A1E7A4F7556}") = "Standalone", "Standalone\Standalone.csproj", "{8D67E745-04EE-4F8C-8EDD-55F7C9E040DD}"
EndProject
Project("{9A19103F-16F7-4668-BE54-9A1E7A4F7556}") = "DatabaseLayer", "DatabaseLayer\DatabaseLayer.csproj", "{18CEB8B9-6996-42F6-93AE-174D1A439C71}"
EndProject
Project("{9A19103F-16F7-4668-BE54-9A1E7A4F7556}") = "PluginInterface", "PluginInterface\PluginInterface.csproj", "{F2AF3BB0-649F-4214-8A99-92E9E255D2F8}"
EndProject
Project("{9A19103F-16F7-4668-BE54-9A1E7A4F7556}") = "Plugin", "Plugin\Plugin.csproj", "{F1F6FCF9-4087-4782-A5C5-6A806994A82F}"
EndProject
Project("{9A19103F-16F7-4668-BE54-9A1E7A4F7556}") = "PluginHost", "PluginHost\PluginHost.csproj", "{0C390BD5-54ED-496C-B3AF-ED5308DE9E4F}"
EndProject
Global
	GlobalSection(SolutionConfigurationPlatforms) = preSolution
		Debug|Any CPU = Debug|Any CPU
	EndGlobalSection
	GlobalSection(ProjectConfigurationPlatforms) = postSolution
		{8D67E745-04EE-4F8C-8EDD-55F7C9E040DD}.Debug|Any CPU.ActiveCfg = Debug|Any CPU
		{8D67E745-04EE-4F8C-8EDD-55F7C9E040DD}.Debug|Any CPU.Build.0 = Debug|Any CPU
		{18CEB8B9-6996-42F6-93AE-174D1A439C71}.Debug|Any CPU.ActiveCfg = Debug|Any CPU
		{18CEB8B9-6996-42F6-93AE-174D1A439C71}.Debug|Any CPU.Build.0 = Debug|Any CPU
		{F2AF3BB0-649F-4214-8A99-92E9E255D2F8}.Debug|Any CPU.ActiveCfg = Debug|Any CPU
		{F2AF3BB0-649F-4214-8A99-92E9E255D2F8}.Debug|Any CPU.Build.0 = Debug|Any CPU
		{F1F6FCF9-4087-4782-A5C5-6A806994A82F}.Debug|Any CPU.ActiveCfg = Debug|Any CPU
		{F1F6FCF9-4087-4782-A5C5-6A806994A82F}.Debug|Any CPU.Build.0 = Debug|Any CPU
		{0C390BD5-54ED-496C-B3AF-ED5308DE9E4F}.Debug|Any CPU.ActiveCfg = Debug|Any CPU
		{0C390BD5-54ED-496C-B3AF-ED5308DE9E4F}.Debug|Any CPU.Build.0 = Debug|Any CPU
	EndGlobalSection
	GlobalSection(SolutionProperties) = preSolution
		HideSolutionNode = FALSE
	EndGlobalSection
	GlobalSection(ExtensibilityGlobals) = postSolution
		SolutionGuid = {780F67A4-34B5-460E-B2F1-41621BFC7BA5}
	EndGlobalSection
EndGlobal
